schema: '2.0'
stages:
  load_data:
    cmd: python src/load_data.py --config=params.yaml
    deps:
    - path: data_given/winequality.csv
      md5: 7cc63b24e003d8e9aef59f5dc6f3a956
      size: 241605
    - path: src/get_data.py
      md5: 89d21f1dd15a784656eddc52ce005539
      size: 769
    - path: src/load_data.py
      md5: 48e0b8cc993ccb96504363911aa5bb78
      size: 773
    outs:
    - path: data/raw/winequality.csv
      md5: 6db646c2f7430fc8ca024092fed5c7b3
      size: 93609
  split_data:
    cmd: python src/split_data.py --config=params.yaml
    deps:
    - path: data/raw/winequality.csv
      md5: 6db646c2f7430fc8ca024092fed5c7b3
      size: 93609
    - path: src/split_data.py
      md5: bfd3b7a011d90d48375736a3748a09fa
      size: 1135
    outs:
    - path: data/processed/test_winequality.csv
      md5: f8c55d96f20188d9d810d9dde3827362
      size: 18842
    - path: data/processed/train_winequality.csv
      md5: fdb903d35d382c68bc6823c61e749924
      size: 74924
  train_and_evaluate:
    cmd: python src/train_and_evaluate.py --config=params.yaml
    deps:
    - path: data/processed/test_winequality.csv
      md5: f8c55d96f20188d9d810d9dde3827362
      size: 18842
    - path: data/processed/train_winequality.csv
      md5: fdb903d35d382c68bc6823c61e749924
      size: 74924
    - path: src/train_and_evaluate.py
      md5: 3672836fb4ef3612efdc9ce0cec9f928
      size: 2809
    params:
      params.yaml:
        estimators.ElasticNet.params.alpha: 0.9
        estimators.ElasticNet.params.l1_ratio: 0.4
